
Microsoft Visual Studio Solution File, Format Version 11.00
# Visual Studio 2010
Project("{FAE04EC0-301F-11D3-BF4B-00C04F79EFBC}") = "Instant.Web", "Instant.Web\Instant.Web.csproj", "{F68CA736-A6DE-46AF-B087-60823E7677A3}"
EndProject
Global
	GlobalSection(SolutionConfigurationPlatforms) = preSolution
		Debug|Any CPU = Debug|Any CPU
		Release|Any CPU = Release|Any CPU
	EndGlobalSection
	GlobalSection(ProjectConfigurationPlatforms) = postSolution
		{F68CA736-A6DE-46AF-B087-60823E7677A3}.Debug|Any CPU.ActiveCfg = Debug|Any CPU
		{F68CA736-A6DE-46AF-B087-60823E7677A3}.Debug|Any CPU.Build.0 = Debug|Any CPU
		{F68CA736-A6DE-46AF-B087-60823E7677A3}.Release|Any CPU.ActiveCfg = Release|Any CPU
		{F68CA736-A6DE-46AF-B087-60823E7677A3}.Release|Any CPU.Build.0 = Release|Any CPU
	EndGlobalSection
	GlobalSection(SolutionProperties) = preSolution
		HideSolutionNode = FALSE
	EndGlobalSection
EndGlobal
